// !$*UTF8*$!
{
	archiveVersion = 1;
	classes = {
	};
	objectVersion = 46;
	objects = {

/* Begin PBXBuildFile section */
		5506E8F21A163AE6007BA334 /* AppDelegate.swift in Sources */ = {isa = PBXBuildFile; fileRef = 5506E8F11A163AE6007BA334 /* AppDelegate.swift */; };
		5506E8F41A163AE6007BA334 /* ViewController.swift in Sources */ = {isa = PBXBuildFile; fileRef = 5506E8F31A163AE6007BA334 /* ViewController.swift */; };
		5506E8F71A163AE6007BA334 /* Main.storyboard in Resources */ = {isa = PBXBuildFile; fileRef = 5506E8F51A163AE6007BA334 /* Main.storyboard */; };
		5506E8F91A163AE6007BA334 /* Images.xcassets in Resources */ = {isa = PBXBuildFile; fileRef = 5506E8F81A163AE6007BA334 /* Images.xcassets */; };
		5506E8FC1A163AE6007BA334 /* LaunchScreen.xib in Resources */ = {isa = PBXBuildFile; fileRef = 5506E8FA1A163AE6007BA334 /* LaunchScreen.xib */; };
		5506E9081A163AE6007BA334 /* SlotMachineTests.swift in Sources */ = {isa = PBXBuildFile; fileRef = 5506E9071A163AE6007BA334 /* SlotMachineTests.swift */; };
/* End PBXBuildFile section */

/* Begin PBXContainerItemProxy section */
		5506E9021A163AE6007BA334 /* PBXContainerItemProxy */ = {
			isa = PBXContainerItemProxy;
			containerPortal = 5506E8E41A163AE6007BA334 /* Project object */;
			proxyType = 1;
			remoteGlobalIDString = 5506E8EB1A163AE6007BA334;
			remoteInfo = SlotMachine;
		};
/* End PBXContainerItemProxy section */

/* Begin PBXFileReference section */
		5506E8EC1A163AE6007BA334 /* SlotMachine.app */ = {isa = PBXFileReference; explicitFileType = wrapper.application; includeInIndex = 0; path = SlotMachine.app; sourceTree = BUILT_PRODUCTS_DIR; };
		5506E8F01A163AE6007BA334 /* Info.plist */ = {isa = PBXFileReference; lastKnownFileType = text.plist.xml; path = Info.plist; sourceTree = "<group>"; };
		5506E8F11A163AE6007BA334 /* AppDelegate.swift */ = {isa = PBXFileReference; lastKnownFileType = sourcecode.swift; path = AppDelegate.swift; sourceTree = "<group>"; };
		5506E8F31A163AE6007BA334 /* ViewController.swift */ = {isa = PBXFileReference; lastKnownFileType = sourcecode.swift; path = ViewController.swift; sourceTree = "<group>"; };
		5506E8F61A163AE6007BA334 /* Base */ = {isa = PBXFileReference; lastKnownFileType = file.storyboard; name = Base; path = Base.lproj/Main.storyboard; sourceTree = "<group>"; };
		5506E8F81A163AE6007BA334 /* Images.xcassets */ = {isa = PBXFileReference; lastKnownFileType = folder.assetcatalog; path = Images.xcassets; sourceTree = "<group>"; };
		5506E8FB1A163AE6007BA334 /* Base */ = {isa = PBXFileReference; lastKnownFileType = file.xib; name = Base; path = Base.lproj/LaunchScreen.xib; sourceTree = "<group>"; };
		5506E9011A163AE6007BA334 /* SlotMachineTests.xctest */ = {isa = PBXFileReference; explicitFileType = wrapper.cfbundle; includeInIndex = 0; path = SlotMachineTests.xctest; sourceTree = BUILT_PRODUCTS_DIR; };
		5506E9061A163AE6007BA334 /* Info.plist */ = {isa = PBXFileReference; lastKnownFileType = text.plist.xml; path = Info.plist; sourceTree = "<group>"; };
		5506E9071A163AE6007BA334 /* SlotMachineTests.swift */ = {isa = PBXFileReference; lastKnownFileType = sourcecode.swift; path = SlotMachineTests.swift; sourceTree = "<group>"; };
/* End PBXFileReference section */

/* Begin PBXFrameworksBuildPhase section */
		5506E8E91A163AE6007BA334 /* Frameworks */ = {
			isa = PBXFrameworksBuildPhase;
			buildActionMask = 2147483647;
			files = (
			);
			runOnlyForDeploymentPostprocessing = 0;
		};
		5506E8FE1A163AE6007BA334 /* Frameworks */ = {
			isa = PBXFrameworksBuildPhase;
			buildActionMask = 2147483647;
			files = (
			);
			runOnlyForDeploymentPostprocessing = 0;
		};
/* End PBXFrameworksBuildPhase section */

/* Begin PBXGroup section */
		5506E8E31A163AE6007BA334 = {
			isa = PBXGroup;
			children = (
				5506E8EE1A163AE6007BA334 /* SlotMachine */,
				5506E9041A163AE6007BA334 /* SlotMachineTests */,
				5506E8ED1A163AE6007BA334 /* Products */,
			);
			sourceTree = "<group>";
		};
		5506E8ED1A163AE6007BA334 /* Products */ = {
			isa = PBXGroup;
			children = (
				5506E8EC1A163AE6007BA334 /* SlotMachine.app */,
				5506E9011A163AE6007BA334 /* SlotMachineTests.xctest */,
			);
			name = Products;
			sourceTree = "<group>";
		};
		5506E8EE1A163AE6007BA334 /* SlotMachine */ = {
			isa = PBXGroup;
			children = (
				5506E8F11A163AE6007BA334 /* AppDelegate.swift */,
				5506E8F31A163AE6007BA334 /* ViewController.swift */,
				5506E8F51A163AE6007BA334 /* Main.storyboard */,
				5506E8F81A163AE6007BA334 /* Images.xcassets */,
				5506E8FA1A163AE6007BA334 /* LaunchScreen.xib */,
				5506E8EF1A163AE6007BA334 /* Supporting Files */,
			);
			path = SlotMachine;
			sourceTree = "<group>";
		};
		5506E8EF1A163AE6007BA334 /* Supporting Files */ = {
			isa = PBXGroup;
			children = (
				5506E8F01A163AE6007BA334 /* Info.plist */,
			);
			name = "Supporting Files";
			sourceTree = "<group>";
		};
		5506E9041A163AE6007BA334 /* SlotMachineTests */ = {
			isa = PBXGroup;
			children = (
				5506E9071A163AE6007BA334 /* SlotMachineTests.swift */,
				5506E9051A163AE6007BA334 /* Supporting Files */,
			);
			path = SlotMachineTests;
			sourceTree = "<group>";
		};
		5506E9051A163AE6007BA334 /* Supporting Files */ = {
			isa = PBXGroup;
			children = (
				5506E9061A163AE6007BA334 /* Info.plist */,
			);
			name = "Supporting Files";
			sourceTree = "<group>";
		};
/* End PBXGroup section */

/* Begin PBXNativeTarget section */
		5506E8EB1A163AE6007BA334 /* SlotMachine */ = {
			isa = PBXNativeTarget;
			buildConfigurationList = 5506E90B1A163AE6007BA334 /* Build configuration list for PBXNativeTarget "SlotMachine" */;
			buildPhases = (
				5506E8E81A163AE6007BA334 /* Sources */,
				5506E8E91A163AE6007BA334 /* Frameworks */,
				5506E8EA1A163AE6007BA334 /* Resources */,
			);
			buildRules = (
			);
			dependencies = (
			);
			name = SlotMachine;
			productName = SlotMachine;
			productReference = 5506E8EC1A163AE6007BA334 /* SlotMachine.app */;
			productType = "com.apple.product-type.application";
		};
		5506E9001A163AE6007BA334 /* SlotMachineTests */ = {
			isa = PBXNativeTarget;
			buildConfigurationList = 5506E90E1A163AE6007BA334 /* Build configuration list for PBXNativeTarget "SlotMachineTests" */;
			buildPhases = (
				5506E8FD1A163AE6007BA334 /* Sources */,
				5506E8FE1A163AE6007BA334 /* Frameworks */,
				5506E8FF1A163AE6007BA334 /* Resources */,
			);
			buildRules = (
			);
			dependencies = (
				5506E9031A163AE6007BA334 /* PBXTargetDependency */,
			);
			name = SlotMachineTests;
			productName = SlotMachineTests;
			productReference = 5506E9011A163AE6007BA334 /* SlotMachineTests.xctest */;
			productType = "com.apple.product-type.bundle.unit-test";
		};
/* End PBXNativeTarget section */

/* Begin PBXProject section */
		5506E8E41A163AE6007BA334 /* Project object */ = {
			isa = PBXProject;
			attributes = {
				LastUpgradeCheck = 0610;
				ORGANIZATIONNAME = "David Grevink";
				TargetAttributes = {
					5506E8EB1A163AE6007BA334 = {
						CreatedOnToolsVersion = 6.1;
					};
					5506E9001A163AE6007BA334 = {
						CreatedOnToolsVersion = 6.1;
						TestTargetID = 5506E8EB1A163AE6007BA334;
					};
				};
			};
			buildConfigurationList = 5506E8E71A163AE6007BA334 /* Build configuration list for PBXProject "SlotMachine" */;
			compatibilityVersion = "Xcode 3.2";
			developmentRegion = English;
			hasScannedForEncodings = 0;
			knownRegions = (
				en,
				Base,
			);
			mainGroup = 5506E8E31A163AE6007BA334;
			productRefGroup = 5506E8ED1A163AE6007BA334 /* Products */;
			projectDirPath = "";
			projectRoot = "";
			targets = (
				5506E8EB1A163AE6007BA334 /* SlotMachine */,
				5506E9001A163AE6007BA334 /* SlotMachineTests */,
			);
		};
/* End PBXProject section */

/* Begin PBXResourcesBuildPhase section */
		5506E8EA1A163AE6007BA334 /* Resources */ = {
			isa = PBXResourcesBuildPhase;
			buildActionMask = 2147483647;
			files = (
				5506E8F71A163AE6007BA334 /* Main.storyboard in Resources */,
				5506E8FC1A163AE6007BA334 /* LaunchScreen.xib in Resources */,
				5506E8F91A163AE6007BA334 /* Images.xcassets in Resources */,
			);
			runOnlyForDeploymentPostprocessing = 0;
		};
		5506E8FF1A163AE6007BA334 /* Resources */ = {
			isa = PBXResourcesBuildPhase;
			buildActionMask = 2147483647;
			files = (
			);
			runOnlyForDeploymentPostprocessing = 0;
		};
/* End PBXResourcesBuildPhase section */

/* Begin PBXSourcesBuildPhase section */
		5506E8E81A163AE6007BA334 /* Sources */ = {
			isa = PBXSourcesBuildPhase;
			buildActionMask = 2147483647;
			files = (
				5506E8F41A163AE6007BA334 /* ViewController.swift in Sources */,
				5506E8F21A163AE6007BA334 /* AppDelegate.swift in Sources */,
			);
			runOnlyForDeploymentPostprocessing = 0;
		};
		5506E8FD1A163AE6007BA334 /* Sources */ = {
			isa = PBXSourcesBuildPhase;
			buildActionMask = 2147483647;
			files = (
				5506E9081A163AE6007BA334 /* SlotMachineTests.swift in Sources */,
			);
			runOnlyForDeploymentPostprocessing = 0;
		};
/* End PBXSourcesBuildPhase section */

/* Begin PBXTargetDependency section */
		5506E9031A163AE6007BA334 /* PBXTargetDependency */ = {
			isa = PBXTargetDependency;
			target = 5506E8EB1A163AE6007BA334 /* SlotMachine */;
			targetProxy = 5506E9021A163AE6007BA334 /* PBXContainerItemProxy */;
		};
/* End PBXTargetDependency section */

/* Begin PBXVariantGroup section */
		5506E8F51A163AE6007BA334 /* Main.storyboard */ = {
			isa = PBXVariantGroup;
			children = (
				5506E8F61A163AE6007BA334 /* Base */,
			);
			name = Main.storyboard;
			sourceTree = "<group>";
		};
		5506E8FA1A163AE6007BA334 /* LaunchScreen.xib */ = {
			isa = PBXVariantGroup;
			children = (
				5506E8FB1A163AE6007BA334 /* Base */,
			);
			name = LaunchScreen.xib;
			sourceTree = "<group>";
		};
/* End PBXVariantGroup section */

/* Begin XCBuildConfiguration section */
		5506E9091A163AE6007BA334 /* Debug */ = {
			isa = XCBuildConfiguration;
			buildSettings = {
				ALWAYS_SEARCH_USER_PATHS = NO;
				CLANG_CXX_LANGUAGE_STANDARD = "gnu++0x";
				CLANG_CXX_LIBRARY = "libc++";
				CLANG_ENABLE_MODULES = YES;
				CLANG_ENABLE_OBJC_ARC = YES;
				CLANG_WARN_BOOL_CONVERSION = YES;
				CLANG_WARN_CONSTANT_CONVERSION = YES;
				CLANG_WARN_DIRECT_OBJC_ISA_USAGE = YES_ERROR;
				CLANG_WARN_EMPTY_BODY = YES;
				CLANG_WARN_ENUM_CONVERSION = YES;
				CLANG_WARN_INT_CONVERSION = YES;
				CLANG_WARN_OBJC_ROOT_CLASS = YES_ERROR;
				CLANG_WARN_UNREACHABLE_CODE = YES;
				CLANG_WARN__DUPLICATE_METHOD_MATCH = YES;
				"CODE_SIGN_IDENTITY[sdk=iphoneos*]" = "iPhone Developer";
				COPY_PHASE_STRIP = NO;
				ENABLE_STRICT_OBJC_MSGSEND = YES;
				GCC_C_LANGUAGE_STANDARD = gnu99;
				GCC_DYNAMIC_NO_PIC = NO;
				GCC_OPTIMIZATION_LEVEL = 0;
				GCC_PREPROCESSOR_DEFINITIONS = (
					"DEBUG=1",
					"$(inherited)",
				);
				GCC_SYMBOLS_PRIVATE_EXTERN = NO;
				GCC_WARN_64_TO_32_BIT_CONVERSION = YES;
				GCC_WARN_ABOUT_RETURN_TYPE = YES_ERROR;
				GCC_WARN_UNDECLARED_SELECTOR = YES;
				GCC_WARN_UNINITIALIZED_AUTOS = YES_AGGRESSIVE;
				GCC_WARN_UNUSED_FUNCTION = YES;
				GCC_WARN_UNUSED_VARIABLE = YES;
				IPHONEOS_DEPLOYMENT_TARGET = 8.1;
				MTL_ENABLE_DEBUG_INFO = YES;
				ONLY_ACTIVE_ARCH = YES;
				SDKROOT = iphoneos;
				SWIFT_OPTIMIZATION_LEVEL = "-Onone";
				TARGETED_DEVICE_FAMILY = "1,2";
			};
			name = Debug;
		};
		5506E90A1A163AE6007BA334 /* Release */ = {
			isa = XCBuildConfiguration;
			buildSettings = {
				ALWAYS_SEARCH_USER_PATHS = NO;
				CLANG_CXX_LANGUAGE_STANDARD = "gnu++0x";
				CLANG_CXX_LIBRARY = "libc++";
				CLANG_ENABLE_MODULES = YES;
				CLANG_ENABLE_OBJC_ARC = YES;
				CLANG_WARN_BOOL_CONVERSION = YES;
				CLANG_WARN_CONSTANT_CONVERSION = YES;
				CLANG_WARN_DIRECT_OBJC_ISA_USAGE = YES_ERROR;
				CLANG_WARN_EMPTY_BODY = YES;
				CLANG_WARN_ENUM_CONVERSION = YES;
				CLANG_WARN_INT_CONVERSION = YES;
				CLANG_WARN_OBJC_ROOT_CLASS = YES_ERROR;
				CLANG_WARN_UNREACHABLE_CODE = YES;
				CLANG_WARN__DUPLICATE_METHOD_MATCH = YES;
				"CODE_SIGN_IDENTITY[sdk=iphoneos*]" = "iPhone Developer";
				COPY_PHASE_STRIP = YES;
				ENABLE_NS_ASSERTIONS = NO;
				ENABLE_STRICT_OBJC_MSGSEND = YES;
				GCC_C_LANGUAGE_STANDARD = gnu99;
				GCC_WARN_64_TO_32_BIT_CONVERSION = YES;
				GCC_WARN_ABOUT_RETURN_TYPE = YES_ERROR;
				GCC_WARN_UNDECLARED_SELECTOR = YES;
				GCC_WARN_UNINITIALIZED_AUTOS = YES_AGGRESSIVE;
				GCC_WARN_UNUSED_FUNCTION = YES;
				GCC_WARN_UNUSED_VARIABLE = YES;
				IPHONEOS_DEPLOYMENT_TARGET = 8.1;
				MTL_ENABLE_DEBUG_INFO = NO;
				SDKROOT = iphoneos;
				TARGETED_DEVICE_FAMILY = "1,2";
				VALIDATE_PRODUCT = YES;
			};
			name = Release;
		};
		5506E90C1A163AE6007BA334 /* Debug */ = {
			isa = XCBuildConfiguration;
			buildSettings = {
				ASSETCATALOG_COMPILER_APPICON_NAME = AppIcon;
				INFOPLIST_FILE = SlotMachine/Info.plist;
				LD_RUNPATH_SEARCH_PATHS = "$(inherited) @executable_path/Frameworks";
				PRODUCT_NAME = "$(TARGET_NAME)";
			};
			name = Debug;
		};
		5506E90D1A163AE6007BA334 /* Release */ = {
			isa = XCBuildConfiguration;
			buildSettings = {
				ASSETCATALOG_COMPILER_APPICON_NAME = AppIcon;
				INFOPLIST_FILE = SlotMachine/Info.plist;
				LD_RUNPATH_SEARCH_PATHS = "$(inherited) @executable_path/Frameworks";
				PRODUCT_NAME = "$(TARGET_NAME)";
			};
			name = Release;
		};
		5506E90F1A163AE6007BA334 /* Debug */ = {
			isa = XCBuildConfiguration;
			buildSettings = {
				BUNDLE_LOADER = "$(TEST_HOST)";
				FRAMEWORK_SEARCH_PATHS = (
					"$(SDKROOT)/Developer/Library/Frameworks",
					"$(inherited)",
				);
				GCC_PREPROCESSOR_DEFINITIONS = (
					"DEBUG=1",
					"$(inherited)",
				);
				INFOPLIST_FILE = SlotMachineTests/Info.plist;
				LD_RUNPATH_SEARCH_PATHS = "$(inherited) @executable_path/Frameworks @loader_path/Frameworks";
				PRODUCT_NAME = "$(TARGET_NAME)";
				TEST_HOST = "$(BUILT_PRODUCTS_DIR)/SlotMachine.app/SlotMachine";
			};
			name = Debug;
		};
		5506E9101A163AE6007BA334 /* Release */ = {
			isa = XCBuildConfiguration;
			buildSettings = {
				BUNDLE_LOADER = "$(TEST_HOST)";
				FRAMEWORK_SEARCH_PATHS = (
					"$(SDKROOT)/Developer/Library/Frameworks",
					"$(inherited)",
				);
				INFOPLIST_FILE = SlotMachineTests/Info.plist;
				LD_RUNPATH_SEARCH_PATHS = "$(inherited) @executable_path/Frameworks @loader_path/Frameworks";
				PRODUCT_NAME = "$(TARGET_NAME)";
				TEST_HOST = "$(BUILT_PRODUCTS_DIR)/SlotMachine.app/SlotMachine";
			};
			name = Release;
		};
/* End XCBuildConfiguration section */

/* Begin XCConfigurationList section */
		5506E8E71A163AE6007BA334 /* Build configuration list for PBXProject "SlotMachine" */ = {
			isa = XCConfigurationList;
			buildConfigurations = (
				5506E9091A163AE6007BA334 /* Debug */,
				5506E90A1A163AE6007BA334 /* Release */,
			);
			defaultConfigurationIsVisible = 0;
			defaultConfigurationName = Release;
		};
		5506E90B1A163AE6007BA334 /* Build configuration list for PBXNativeTarget "SlotMachine" */ = {
			isa = XCConfigurationList;
			buildConfigurations = (
				5506E90C1A163AE6007BA334 /* Debug */,
				5506E90D1A163AE6007BA334 /* Release */,
			);
			defaultConfigurationIsVisible = 0;
		};
		5506E90E1A163AE6007BA334 /* Build configuration list for PBXNativeTarget "SlotMachineTests" */ = {
			isa = XCConfigurationList;
			buildConfigurations = (
				5506E90F1A163AE6007BA334 /* Debug */,
				5506E9101A163AE6007BA334 /* Release */,
			);
			defaultConfigurationIsVisible = 0;
		};
/* End XCConfigurationList section */
	};
	rootObject = 5506E8E41A163AE6007BA334 /* Project object */;
}
